
Microsoft Visual Studio Solution File, Format Version 12.00
# Visual Studio 15
VisualStudioVersion = 15.0.27703.2035
MinimumVisualStudioVersion = 10.0.40219.1
Project("{9A19103F-16F7-4668-BE54-9A1E7A4F7556}") = "PushMate.FcmPushService", "PushMate.FcmPushService\PushMate.FcmPushService.csproj", "{16EE3886-771D-46EA-9EEA-56ECB6C41C7B}"
EndProject
Project("{9A19103F-16F7-4668-BE54-9A1E7A4F7556}") = "PushMate.FcmPushService.Test", "PushMate.FcmPushService.Test\PushMate.FcmPushService.Test.csproj", "{EB2C6832-80F8-4EE8-B598-080365037227}"
EndProject
Project("{2150E333-8FDC-42A3-9474-1A3956D46DE8}") = "FcmPushService", "FcmPushService", "{FDF749C2-151F-4296-85A2-236E6607812F}"
EndProject
Project("{2150E333-8FDC-42A3-9474-1A3956D46DE8}") = "SolutionResources", "SolutionResources", "{6D9CB6A9-F22E-4F4B-895B-C50B09BB50DF}"
	ProjectSection(SolutionItems) = preProject
		SolutionResources\pushmate.png = SolutionResources\pushmate.png
	EndProjectSection
EndProject
Project("{9A19103F-16F7-4668-BE54-9A1E7A4F7556}") = "PushMate.FcmPushService.API", "PushMate.FcmPushService.API\PushMate.FcmPushService.API.csproj", "{6A4859A2-B83A-4A42-99A8-3F41FCBFEFDE}"
EndProject
Project("{9A19103F-16F7-4668-BE54-9A1E7A4F7556}") = "PushMate.FcmPushService.API.Test", "PushMate.FcmPushService.API.Test\PushMate.FcmPushService.API.Test.csproj", "{2FC0FB41-F01D-49D1-9FDB-4E844A0242F3}"
EndProject
Project("{E53339B2-1760-4266-BCC7-CA923CBCF16C}") = "docker-compose", "docker-compose.dcproj", "{B3F8BC20-C7E8-4B85-85B6-D7DB70AADB2A}"
EndProject
Global
	GlobalSection(SolutionConfigurationPlatforms) = preSolution
		Debug|Any CPU = Debug|Any CPU
		Release|Any CPU = Release|Any CPU
	EndGlobalSection
	GlobalSection(ProjectConfigurationPlatforms) = postSolution
		{16EE3886-771D-46EA-9EEA-56ECB6C41C7B}.Debug|Any CPU.ActiveCfg = Debug|Any CPU
		{16EE3886-771D-46EA-9EEA-56ECB6C41C7B}.Debug|Any CPU.Build.0 = Debug|Any CPU
		{16EE3886-771D-46EA-9EEA-56ECB6C41C7B}.Release|Any CPU.ActiveCfg = Release|Any CPU
		{16EE3886-771D-46EA-9EEA-56ECB6C41C7B}.Release|Any CPU.Build.0 = Release|Any CPU
		{EB2C6832-80F8-4EE8-B598-080365037227}.Debug|Any CPU.ActiveCfg = Debug|Any CPU
		{EB2C6832-80F8-4EE8-B598-080365037227}.Debug|Any CPU.Build.0 = Debug|Any CPU
		{EB2C6832-80F8-4EE8-B598-080365037227}.Release|Any CPU.ActiveCfg = Release|Any CPU
		{EB2C6832-80F8-4EE8-B598-080365037227}.Release|Any CPU.Build.0 = Release|Any CPU
		{6A4859A2-B83A-4A42-99A8-3F41FCBFEFDE}.Debug|Any CPU.ActiveCfg = Debug|Any CPU
		{6A4859A2-B83A-4A42-99A8-3F41FCBFEFDE}.Debug|Any CPU.Build.0 = Debug|Any CPU
		{6A4859A2-B83A-4A42-99A8-3F41FCBFEFDE}.Release|Any CPU.ActiveCfg = Release|Any CPU
		{6A4859A2-B83A-4A42-99A8-3F41FCBFEFDE}.Release|Any CPU.Build.0 = Release|Any CPU
		{2FC0FB41-F01D-49D1-9FDB-4E844A0242F3}.Debug|Any CPU.ActiveCfg = Debug|Any CPU
		{2FC0FB41-F01D-49D1-9FDB-4E844A0242F3}.Debug|Any CPU.Build.0 = Debug|Any CPU
		{2FC0FB41-F01D-49D1-9FDB-4E844A0242F3}.Release|Any CPU.ActiveCfg = Release|Any CPU
		{2FC0FB41-F01D-49D1-9FDB-4E844A0242F3}.Release|Any CPU.Build.0 = Release|Any CPU
		{B3F8BC20-C7E8-4B85-85B6-D7DB70AADB2A}.Debug|Any CPU.ActiveCfg = Debug|Any CPU
		{B3F8BC20-C7E8-4B85-85B6-D7DB70AADB2A}.Debug|Any CPU.Build.0 = Debug|Any CPU
		{B3F8BC20-C7E8-4B85-85B6-D7DB70AADB2A}.Release|Any CPU.ActiveCfg = Release|Any CPU
		{B3F8BC20-C7E8-4B85-85B6-D7DB70AADB2A}.Release|Any CPU.Build.0 = Release|Any CPU
	EndGlobalSection
	GlobalSection(SolutionProperties) = preSolution
		HideSolutionNode = FALSE
	EndGlobalSection
	GlobalSection(NestedProjects) = preSolution
		{16EE3886-771D-46EA-9EEA-56ECB6C41C7B} = {FDF749C2-151F-4296-85A2-236E6607812F}
		{EB2C6832-80F8-4EE8-B598-080365037227} = {FDF749C2-151F-4296-85A2-236E6607812F}
		{6A4859A2-B83A-4A42-99A8-3F41FCBFEFDE} = {FDF749C2-151F-4296-85A2-236E6607812F}
		{2FC0FB41-F01D-49D1-9FDB-4E844A0242F3} = {FDF749C2-151F-4296-85A2-236E6607812F}
	EndGlobalSection
	GlobalSection(ExtensibilityGlobals) = postSolution
		SolutionGuid = {6F1AD7F1-13EB-4354-824A-620C51280A1E}
	EndGlobalSection
EndGlobal
