
Microsoft Visual Studio Solution File, Format Version 12.00
# Visual Studio 15
VisualStudioVersion = 15.0.27703.2035
MinimumVisualStudioVersion = 10.0.40219.1
Project("{FAE04EC0-301F-11D3-BF4B-00C04F79EFBC}") = "PushMate.FcmPushService", "PushMate.FcmPushService\PushMate.FcmPushService.csproj", "{16EE3886-771D-46EA-9EEA-56ECB6C41C7B}"
EndProject
Project("{FAE04EC0-301F-11D3-BF4B-00C04F79EFBC}") = "PushMate.FcmPushService.Test", "PushMate.FcmPushService.Test\PushMate.FcmPushService.Test.csproj", "{EB2C6832-80F8-4EE8-B598-080365037227}"
EndProject
Project("{2150E333-8FDC-42A3-9474-1A3956D46DE8}") = "FcmPushService", "FcmPushService", "{FDF749C2-151F-4296-85A2-236E6607812F}"
EndProject
Global
	GlobalSection(SolutionConfigurationPlatforms) = preSolution
		Debug|Any CPU = Debug|Any CPU
		Release|Any CPU = Release|Any CPU
	EndGlobalSection
	GlobalSection(ProjectConfigurationPlatforms) = postSolution
		{16EE3886-771D-46EA-9EEA-56ECB6C41C7B}.Debug|Any CPU.ActiveCfg = Debug|Any CPU
		{16EE3886-771D-46EA-9EEA-56ECB6C41C7B}.Debug|Any CPU.Build.0 = Debug|Any CPU
		{16EE3886-771D-46EA-9EEA-56ECB6C41C7B}.Release|Any CPU.ActiveCfg = Release|Any CPU
		{16EE3886-771D-46EA-9EEA-56ECB6C41C7B}.Release|Any CPU.Build.0 = Release|Any CPU
		{EB2C6832-80F8-4EE8-B598-080365037227}.Debug|Any CPU.ActiveCfg = Debug|Any CPU
		{EB2C6832-80F8-4EE8-B598-080365037227}.Debug|Any CPU.Build.0 = Debug|Any CPU
		{EB2C6832-80F8-4EE8-B598-080365037227}.Release|Any CPU.ActiveCfg = Release|Any CPU
		{EB2C6832-80F8-4EE8-B598-080365037227}.Release|Any CPU.Build.0 = Release|Any CPU
	EndGlobalSection
	GlobalSection(SolutionProperties) = preSolution
		HideSolutionNode = FALSE
	EndGlobalSection
	GlobalSection(NestedProjects) = preSolution
		{16EE3886-771D-46EA-9EEA-56ECB6C41C7B} = {FDF749C2-151F-4296-85A2-236E6607812F}
		{EB2C6832-80F8-4EE8-B598-080365037227} = {FDF749C2-151F-4296-85A2-236E6607812F}
	EndGlobalSection
	GlobalSection(ExtensibilityGlobals) = postSolution
		SolutionGuid = {6F1AD7F1-13EB-4354-824A-620C51280A1E}
	EndGlobalSection
EndGlobal
